// !$*UTF8*$!
{
	archiveVersion = 1;
	classes = {
	};
	objectVersion = 46;
	objects = {

/* Begin PBXBuildFile section */
		03DB238D1B431D9500EB0BE0 /* main.m in Sources */ = {isa = PBXBuildFile; fileRef = 03DB238C1B431D9500EB0BE0 /* main.m */; };
		03DB23951B431DB000EB0BE0 /* Subject.m in Sources */ = {isa = PBXBuildFile; fileRef = 03DB23941B431DB000EB0BE0 /* Subject.m */; };
/* End PBXBuildFile section */

/* Begin PBXCopyFilesBuildPhase section */
		03DB23871B431D9500EB0BE0 /* CopyFiles */ = {
			isa = PBXCopyFilesBuildPhase;
			buildActionMask = 2147483647;
			dstPath = /usr/share/man/man1/;
			dstSubfolderSpec = 0;
			files = (
			);
			runOnlyForDeploymentPostprocessing = 1;
		};
/* End PBXCopyFilesBuildPhase section */

/* Begin PBXFileReference section */
		03DB23891B431D9500EB0BE0 /* SubjectTest */ = {isa = PBXFileReference; explicitFileType = "compiled.mach-o.executable"; includeInIndex = 0; path = SubjectTest; sourceTree = BUILT_PRODUCTS_DIR; };
		03DB238C1B431D9500EB0BE0 /* main.m */ = {isa = PBXFileReference; lastKnownFileType = sourcecode.c.objc; path = main.m; sourceTree = "<group>"; };
		03DB23931B431DB000EB0BE0 /* Subject.h */ = {isa = PBXFileReference; fileEncoding = 4; lastKnownFileType = sourcecode.c.h; path = Subject.h; sourceTree = "<group>"; };
		03DB23941B431DB000EB0BE0 /* Subject.m */ = {isa = PBXFileReference; fileEncoding = 4; lastKnownFileType = sourcecode.c.objc; path = Subject.m; sourceTree = "<group>"; };
/* End PBXFileReference section */

/* Begin PBXFrameworksBuildPhase section */
		03DB23861B431D9500EB0BE0 /* Frameworks */ = {
			isa = PBXFrameworksBuildPhase;
			buildActionMask = 2147483647;
			files = (
			);
			runOnlyForDeploymentPostprocessing = 0;
		};
/* End PBXFrameworksBuildPhase section */

/* Begin PBXGroup section */
		03DB23801B431D9500EB0BE0 = {
			isa = PBXGroup;
			children = (
				03DB238B1B431D9500EB0BE0 /* SubjectTest */,
				03DB238A1B431D9500EB0BE0 /* Products */,
			);
			sourceTree = "<group>";
		};
		03DB238A1B431D9500EB0BE0 /* Products */ = {
			isa = PBXGroup;
			children = (
				03DB23891B431D9500EB0BE0 /* SubjectTest */,
			);
			name = Products;
			sourceTree = "<group>";
		};
		03DB238B1B431D9500EB0BE0 /* SubjectTest */ = {
			isa = PBXGroup;
			children = (
				03DB238C1B431D9500EB0BE0 /* main.m */,
				03DB23931B431DB000EB0BE0 /* Subject.h */,
				03DB23941B431DB000EB0BE0 /* Subject.m */,
			);
			path = SubjectTest;
			sourceTree = "<group>";
		};
/* End PBXGroup section */

/* Begin PBXNativeTarget section */
		03DB23881B431D9500EB0BE0 /* SubjectTest */ = {
			isa = PBXNativeTarget;
			buildConfigurationList = 03DB23901B431D9500EB0BE0 /* Build configuration list for PBXNativeTarget "SubjectTest" */;
			buildPhases = (
				03DB23851B431D9500EB0BE0 /* Sources */,
				03DB23861B431D9500EB0BE0 /* Frameworks */,
				03DB23871B431D9500EB0BE0 /* CopyFiles */,
			);
			buildRules = (
			);
			dependencies = (
			);
			name = SubjectTest;
			productName = SubjectTest;
			productReference = 03DB23891B431D9500EB0BE0 /* SubjectTest */;
			productType = "com.apple.product-type.tool";
		};
/* End PBXNativeTarget section */

/* Begin PBXProject section */
		03DB23811B431D9500EB0BE0 /* Project object */ = {
			isa = PBXProject;
			attributes = {
				LastUpgradeCheck = 0630;
				ORGANIZATIONNAME = "Michael Shafae";
				TargetAttributes = {
					03DB23881B431D9500EB0BE0 = {
						CreatedOnToolsVersion = 6.3.2;
					};
				};
			};
			buildConfigurationList = 03DB23841B431D9500EB0BE0 /* Build configuration list for PBXProject "SubjectTest" */;
			compatibilityVersion = "Xcode 3.2";
			developmentRegion = English;
			hasScannedForEncodings = 0;
			knownRegions = (
				en,
			);
			mainGroup = 03DB23801B431D9500EB0BE0;
			productRefGroup = 03DB238A1B431D9500EB0BE0 /* Products */;
			projectDirPath = "";
			projectRoot = "";
			targets = (
				03DB23881B431D9500EB0BE0 /* SubjectTest */,
			);
		};
/* End PBXProject section */

/* Begin PBXSourcesBuildPhase section */
		03DB23851B431D9500EB0BE0 /* Sources */ = {
			isa = PBXSourcesBuildPhase;
			buildActionMask = 2147483647;
			files = (
				03DB23951B431DB000EB0BE0 /* Subject.m in Sources */,
				03DB238D1B431D9500EB0BE0 /* main.m in Sources */,
			);
			runOnlyForDeploymentPostprocessing = 0;
		};
/* End PBXSourcesBuildPhase section */

/* Begin XCBuildConfiguration section */
		03DB238E1B431D9500EB0BE0 /* Debug */ = {
			isa = XCBuildConfiguration;
			buildSettings = {
				ALWAYS_SEARCH_USER_PATHS = NO;
				CLANG_CXX_LANGUAGE_STANDARD = "gnu++0x";
				CLANG_CXX_LIBRARY = "libc++";
				CLANG_ENABLE_MODULES = YES;
				CLANG_ENABLE_OBJC_ARC = YES;
				CLANG_WARN_BOOL_CONVERSION = YES;
				CLANG_WARN_CONSTANT_CONVERSION = YES;
				CLANG_WARN_DIRECT_OBJC_ISA_USAGE = YES_ERROR;
				CLANG_WARN_EMPTY_BODY = YES;
				CLANG_WARN_ENUM_CONVERSION = YES;
				CLANG_WARN_INT_CONVERSION = YES;
				CLANG_WARN_OBJC_ROOT_CLASS = YES_ERROR;
				CLANG_WARN_UNREACHABLE_CODE = YES;
				CLANG_WARN__DUPLICATE_METHOD_MATCH = YES;
				COPY_PHASE_STRIP = NO;
				DEBUG_INFORMATION_FORMAT = dwarf;
				ENABLE_STRICT_OBJC_MSGSEND = YES;
				GCC_C_LANGUAGE_STANDARD = gnu99;
				GCC_DYNAMIC_NO_PIC = NO;
				GCC_NO_COMMON_BLOCKS = YES;
				GCC_OPTIMIZATION_LEVEL = 0;
				GCC_PREPROCESSOR_DEFINITIONS = (
					"DEBUG=1",
					"$(inherited)",
				);
				GCC_SYMBOLS_PRIVATE_EXTERN = NO;
				GCC_WARN_64_TO_32_BIT_CONVERSION = YES;
				GCC_WARN_ABOUT_RETURN_TYPE = YES_ERROR;
				GCC_WARN_UNDECLARED_SELECTOR = YES;
				GCC_WARN_UNINITIALIZED_AUTOS = YES_AGGRESSIVE;
				GCC_WARN_UNUSED_FUNCTION = YES;
				GCC_WARN_UNUSED_VARIABLE = YES;
				MACOSX_DEPLOYMENT_TARGET = 10.10;
				MTL_ENABLE_DEBUG_INFO = YES;
				ONLY_ACTIVE_ARCH = YES;
				SDKROOT = macosx;
			};
			name = Debug;
		};
		03DB238F1B431D9500EB0BE0 /* Release */ = {
			isa = XCBuildConfiguration;
			buildSettings = {
				ALWAYS_SEARCH_USER_PATHS = NO;
				CLANG_CXX_LANGUAGE_STANDARD = "gnu++0x";
				CLANG_CXX_LIBRARY = "libc++";
				CLANG_ENABLE_MODULES = YES;
				CLANG_ENABLE_OBJC_ARC = YES;
				CLANG_WARN_BOOL_CONVERSION = YES;
				CLANG_WARN_CONSTANT_CONVERSION = YES;
				CLANG_WARN_DIRECT_OBJC_ISA_USAGE = YES_ERROR;
				CLANG_WARN_EMPTY_BODY = YES;
				CLANG_WARN_ENUM_CONVERSION = YES;
				CLANG_WARN_INT_CONVERSION = YES;
				CLANG_WARN_OBJC_ROOT_CLASS = YES_ERROR;
				CLANG_WARN_UNREACHABLE_CODE = YES;
				CLANG_WARN__DUPLICATE_METHOD_MATCH = YES;
				COPY_PHASE_STRIP = NO;
				DEBUG_INFORMATION_FORMAT = "dwarf-with-dsym";
				ENABLE_NS_ASSERTIONS = NO;
				ENABLE_STRICT_OBJC_MSGSEND = YES;
				GCC_C_LANGUAGE_STANDARD = gnu99;
				GCC_NO_COMMON_BLOCKS = YES;
				GCC_WARN_64_TO_32_BIT_CONVERSION = YES;
				GCC_WARN_ABOUT_RETURN_TYPE = YES_ERROR;
				GCC_WARN_UNDECLARED_SELECTOR = YES;
				GCC_WARN_UNINITIALIZED_AUTOS = YES_AGGRESSIVE;
				GCC_WARN_UNUSED_FUNCTION = YES;
				GCC_WARN_UNUSED_VARIABLE = YES;
				MACOSX_DEPLOYMENT_TARGET = 10.10;
				MTL_ENABLE_DEBUG_INFO = NO;
				SDKROOT = macosx;
			};
			name = Release;
		};
		03DB23911B431D9500EB0BE0 /* Debug */ = {
			isa = XCBuildConfiguration;
			buildSettings = {
				PRODUCT_NAME = "$(TARGET_NAME)";
			};
			name = Debug;
		};
		03DB23921B431D9500EB0BE0 /* Release */ = {
			isa = XCBuildConfiguration;
			buildSettings = {
				PRODUCT_NAME = "$(TARGET_NAME)";
			};
			name = Release;
		};
/* End XCBuildConfiguration section */

/* Begin XCConfigurationList section */
		03DB23841B431D9500EB0BE0 /* Build configuration list for PBXProject "SubjectTest" */ = {
			isa = XCConfigurationList;
			buildConfigurations = (
				03DB238E1B431D9500EB0BE0 /* Debug */,
				03DB238F1B431D9500EB0BE0 /* Release */,
			);
			defaultConfigurationIsVisible = 0;
			defaultConfigurationName = Release;
		};
		03DB23901B431D9500EB0BE0 /* Build configuration list for PBXNativeTarget "SubjectTest" */ = {
			isa = XCConfigurationList;
			buildConfigurations = (
				03DB23911B431D9500EB0BE0 /* Debug */,
				03DB23921B431D9500EB0BE0 /* Release */,
			);
			defaultConfigurationIsVisible = 0;
		};
/* End XCConfigurationList section */
	};
	rootObject = 03DB23811B431D9500EB0BE0 /* Project object */;
}
